
Microsoft Visual Studio Solution File, Format Version 12.00
# Visual Studio Version 17
VisualStudioVersion = 17.0.31903.59
MinimumVisualStudioVersion = 10.0.40219.1
Project("{2150E333-8FDC-42A3-9474-1A3956D46DE8}") = "Source", "Source", "{ADDB513C-3C81-4BF7-8FE5-BD3E65204E03}"
EndProject
Project("{FAE04EC0-301F-11D3-BF4B-00C04F79EFBC}") = "Company.SupportHub.API", "Source\Company\Company.SupportHub.API\Company.SupportHub.API.csproj", "{9C784328-8C64-4209-8EAB-3259B74BD29F}"
	ProjectSection(ProjectDependencies) = postProject
		{B6BEC8C1-7292-411E-A055-CE817215E7E6} = {B6BEC8C1-7292-411E-A055-CE817215E7E6}
	EndProjectSection
EndProject
Project("{FAE04EC0-301F-11D3-BF4B-00C04F79EFBC}") = "Company.SupportHub.Application", "Source\Company\Company.SupportHub.Application\Company.SupportHub.Application.csproj", "{B6BEC8C1-7292-411E-A055-CE817215E7E6}"
	ProjectSection(ProjectDependencies) = postProject
		{94B268D4-1C7A-441B-8D42-67395352443F} = {94B268D4-1C7A-441B-8D42-67395352443F}
		{7CA30D0A-E931-45D6-992B-0C521515AD95} = {7CA30D0A-E931-45D6-992B-0C521515AD95}
	EndProjectSection
EndProject
Project("{FAE04EC0-301F-11D3-BF4B-00C04F79EFBC}") = "Company.SupportHub.Domain", "Source\Company\Company.SupportHub.Domain\Company.SupportHub.Domain.csproj", "{94B268D4-1C7A-441B-8D42-67395352443F}"
EndProject
Project("{FAE04EC0-301F-11D3-BF4B-00C04F79EFBC}") = "Company.SupportHub.Infrastructure", "Source\Company\Company.SupportHub.Infrastructure\Company.SupportHub.Infrastructure.csproj", "{7CA30D0A-E931-45D6-992B-0C521515AD95}"
	ProjectSection(ProjectDependencies) = postProject
		{94B268D4-1C7A-441B-8D42-67395352443F} = {94B268D4-1C7A-441B-8D42-67395352443F}
	EndProjectSection
EndProject
Project("{2150E333-8FDC-42A3-9474-1A3956D46DE8}") = "Tests", "Tests", "{2CE2DF91-81BC-49E5-AA4B-9522DA95B1F4}"
EndProject
Project("{2150E333-8FDC-42A3-9474-1A3956D46DE8}") = "Company", "Company", "{74ACE945-BC65-44C9-BA52-5BAE03B9C602}"
EndProject
Project("{2150E333-8FDC-42A3-9474-1A3956D46DE8}") = "Customer", "Customer", "{65546549-F7B8-4534-A525-39C685109FB1}"
EndProject
Project("{2150E333-8FDC-42A3-9474-1A3956D46DE8}") = "Customer", "Customer", "{F353631A-B57A-44E9-BCD5-C8615722D9CE}"
EndProject
Project("{2150E333-8FDC-42A3-9474-1A3956D46DE8}") = "Company", "Company", "{F0841858-1F4F-448B-9C0E-E563A985D3F7}"
EndProject
Project("{FAE04EC0-301F-11D3-BF4B-00C04F79EFBC}") = "Customer.SupportHub.API", "Source\Customer\Customer.SupportHub.API\Customer.SupportHub.API.csproj", "{3BEDF427-13F8-4D74-AD43-DD21C8317990}"
EndProject
Project("{FAE04EC0-301F-11D3-BF4B-00C04F79EFBC}") = "Customer.SupportHub.Application", "Source\Customer\Customer.SupportHub.Application\Customer.SupportHub.Application.csproj", "{43AB92D5-CE74-43BD-9580-965AE9C7552D}"
EndProject
Project("{FAE04EC0-301F-11D3-BF4B-00C04F79EFBC}") = "Customer.SupportHub.Domain", "Source\Customer\Customer.SupportHub.Domain\Customer.SupportHub.Domain.csproj", "{ED2ADB5C-B336-4BCB-975A-8BCFDD9EACE1}"
EndProject
Project("{FAE04EC0-301F-11D3-BF4B-00C04F79EFBC}") = "Customer.SupportHub.Infrastructure", "Source\Customer\Customer.SupportHub.Infrastructure\Customer.SupportHub.Infrastructure.csproj", "{E57DD158-6642-4E7E-B666-B7604BE8EE0D}"
EndProject
Project("{FAE04EC0-301F-11D3-BF4B-00C04F79EFBC}") = "Customer.SupportHub.UnitTest", "Tests\Customer\Customer.SupportHub.UnitTest\Customer.SupportHub.UnitTest.csproj", "{6C0710AE-F859-412E-A397-A31DEFE0DC11}"
EndProject
Project("{FAE04EC0-301F-11D3-BF4B-00C04F79EFBC}") = "Company.SupportHub.UnitTest", "Tests\Company\Company.SupportHub.UnitTest\Company.SupportHub.UnitTest.csproj", "{60DEF27C-21BC-432F-AEA2-444D16DE48E5}"
EndProject
Global
	GlobalSection(SolutionConfigurationPlatforms) = preSolution
		Debug|Any CPU = Debug|Any CPU
		Release|Any CPU = Release|Any CPU
	EndGlobalSection
	GlobalSection(SolutionProperties) = preSolution
		HideSolutionNode = FALSE
	EndGlobalSection
	GlobalSection(NestedProjects) = preSolution
		{74ACE945-BC65-44C9-BA52-5BAE03B9C602} = {ADDB513C-3C81-4BF7-8FE5-BD3E65204E03}
		{65546549-F7B8-4534-A525-39C685109FB1} = {ADDB513C-3C81-4BF7-8FE5-BD3E65204E03}
		{F353631A-B57A-44E9-BCD5-C8615722D9CE} = {2CE2DF91-81BC-49E5-AA4B-9522DA95B1F4}
		{F0841858-1F4F-448B-9C0E-E563A985D3F7} = {2CE2DF91-81BC-49E5-AA4B-9522DA95B1F4}
		{9C784328-8C64-4209-8EAB-3259B74BD29F} = {74ACE945-BC65-44C9-BA52-5BAE03B9C602}
		{B6BEC8C1-7292-411E-A055-CE817215E7E6} = {74ACE945-BC65-44C9-BA52-5BAE03B9C602}
		{7CA30D0A-E931-45D6-992B-0C521515AD95} = {74ACE945-BC65-44C9-BA52-5BAE03B9C602}
		{94B268D4-1C7A-441B-8D42-67395352443F} = {74ACE945-BC65-44C9-BA52-5BAE03B9C602}
		{3BEDF427-13F8-4D74-AD43-DD21C8317990} = {65546549-F7B8-4534-A525-39C685109FB1}
		{43AB92D5-CE74-43BD-9580-965AE9C7552D} = {65546549-F7B8-4534-A525-39C685109FB1}
		{ED2ADB5C-B336-4BCB-975A-8BCFDD9EACE1} = {65546549-F7B8-4534-A525-39C685109FB1}
		{E57DD158-6642-4E7E-B666-B7604BE8EE0D} = {65546549-F7B8-4534-A525-39C685109FB1}
		{6C0710AE-F859-412E-A397-A31DEFE0DC11} = {F353631A-B57A-44E9-BCD5-C8615722D9CE}
		{60DEF27C-21BC-432F-AEA2-444D16DE48E5} = {F0841858-1F4F-448B-9C0E-E563A985D3F7}
	EndGlobalSection
	GlobalSection(ProjectConfigurationPlatforms) = postSolution
		{9C784328-8C64-4209-8EAB-3259B74BD29F}.Debug|Any CPU.ActiveCfg = Debug|Any CPU
		{9C784328-8C64-4209-8EAB-3259B74BD29F}.Debug|Any CPU.Build.0 = Debug|Any CPU
		{9C784328-8C64-4209-8EAB-3259B74BD29F}.Release|Any CPU.ActiveCfg = Release|Any CPU
		{9C784328-8C64-4209-8EAB-3259B74BD29F}.Release|Any CPU.Build.0 = Release|Any CPU
		{B6BEC8C1-7292-411E-A055-CE817215E7E6}.Debug|Any CPU.ActiveCfg = Debug|Any CPU
		{B6BEC8C1-7292-411E-A055-CE817215E7E6}.Debug|Any CPU.Build.0 = Debug|Any CPU
		{B6BEC8C1-7292-411E-A055-CE817215E7E6}.Release|Any CPU.ActiveCfg = Release|Any CPU
		{B6BEC8C1-7292-411E-A055-CE817215E7E6}.Release|Any CPU.Build.0 = Release|Any CPU
		{94B268D4-1C7A-441B-8D42-67395352443F}.Debug|Any CPU.ActiveCfg = Debug|Any CPU
		{94B268D4-1C7A-441B-8D42-67395352443F}.Debug|Any CPU.Build.0 = Debug|Any CPU
		{94B268D4-1C7A-441B-8D42-67395352443F}.Release|Any CPU.ActiveCfg = Release|Any CPU
		{94B268D4-1C7A-441B-8D42-67395352443F}.Release|Any CPU.Build.0 = Release|Any CPU
		{7CA30D0A-E931-45D6-992B-0C521515AD95}.Debug|Any CPU.ActiveCfg = Debug|Any CPU
		{7CA30D0A-E931-45D6-992B-0C521515AD95}.Debug|Any CPU.Build.0 = Debug|Any CPU
		{7CA30D0A-E931-45D6-992B-0C521515AD95}.Release|Any CPU.ActiveCfg = Release|Any CPU
		{7CA30D0A-E931-45D6-992B-0C521515AD95}.Release|Any CPU.Build.0 = Release|Any CPU
		{3BEDF427-13F8-4D74-AD43-DD21C8317990}.Debug|Any CPU.ActiveCfg = Debug|Any CPU
		{3BEDF427-13F8-4D74-AD43-DD21C8317990}.Debug|Any CPU.Build.0 = Debug|Any CPU
		{3BEDF427-13F8-4D74-AD43-DD21C8317990}.Release|Any CPU.ActiveCfg = Release|Any CPU
		{3BEDF427-13F8-4D74-AD43-DD21C8317990}.Release|Any CPU.Build.0 = Release|Any CPU
		{43AB92D5-CE74-43BD-9580-965AE9C7552D}.Debug|Any CPU.ActiveCfg = Debug|Any CPU
		{43AB92D5-CE74-43BD-9580-965AE9C7552D}.Debug|Any CPU.Build.0 = Debug|Any CPU
		{43AB92D5-CE74-43BD-9580-965AE9C7552D}.Release|Any CPU.ActiveCfg = Release|Any CPU
		{43AB92D5-CE74-43BD-9580-965AE9C7552D}.Release|Any CPU.Build.0 = Release|Any CPU
		{ED2ADB5C-B336-4BCB-975A-8BCFDD9EACE1}.Debug|Any CPU.ActiveCfg = Debug|Any CPU
		{ED2ADB5C-B336-4BCB-975A-8BCFDD9EACE1}.Debug|Any CPU.Build.0 = Debug|Any CPU
		{ED2ADB5C-B336-4BCB-975A-8BCFDD9EACE1}.Release|Any CPU.ActiveCfg = Release|Any CPU
		{ED2ADB5C-B336-4BCB-975A-8BCFDD9EACE1}.Release|Any CPU.Build.0 = Release|Any CPU
		{E57DD158-6642-4E7E-B666-B7604BE8EE0D}.Debug|Any CPU.ActiveCfg = Debug|Any CPU
		{E57DD158-6642-4E7E-B666-B7604BE8EE0D}.Debug|Any CPU.Build.0 = Debug|Any CPU
		{E57DD158-6642-4E7E-B666-B7604BE8EE0D}.Release|Any CPU.ActiveCfg = Release|Any CPU
		{E57DD158-6642-4E7E-B666-B7604BE8EE0D}.Release|Any CPU.Build.0 = Release|Any CPU
		{6C0710AE-F859-412E-A397-A31DEFE0DC11}.Debug|Any CPU.ActiveCfg = Debug|Any CPU
		{6C0710AE-F859-412E-A397-A31DEFE0DC11}.Debug|Any CPU.Build.0 = Debug|Any CPU
		{6C0710AE-F859-412E-A397-A31DEFE0DC11}.Release|Any CPU.ActiveCfg = Release|Any CPU
		{6C0710AE-F859-412E-A397-A31DEFE0DC11}.Release|Any CPU.Build.0 = Release|Any CPU
		{60DEF27C-21BC-432F-AEA2-444D16DE48E5}.Debug|Any CPU.ActiveCfg = Debug|Any CPU
		{60DEF27C-21BC-432F-AEA2-444D16DE48E5}.Debug|Any CPU.Build.0 = Debug|Any CPU
		{60DEF27C-21BC-432F-AEA2-444D16DE48E5}.Release|Any CPU.ActiveCfg = Release|Any CPU
		{60DEF27C-21BC-432F-AEA2-444D16DE48E5}.Release|Any CPU.Build.0 = Release|Any CPU
	EndGlobalSection
EndGlobal
